// !$*UTF8*$!
{
	archiveVersion = 1;
	classes = {
	};
	objectVersion = 56;
	objects = {

/* Begin PBXBuildFile section */
		6060457A2A1F26C0005042FC /* DetailViewController.swift in Sources */ = {isa = PBXBuildFile; fileRef = 606045792A1F26C0005042FC /* DetailViewController.swift */; };
		6060457E2A1F2DDD005042FC /* Components.swift in Sources */ = {isa = PBXBuildFile; fileRef = 6060457D2A1F2DDD005042FC /* Components.swift */; };
		60967E552A1DC5C000938863 /* AppDelegate.swift in Sources */ = {isa = PBXBuildFile; fileRef = 60967E542A1DC5C000938863 /* AppDelegate.swift */; };
		60967E572A1DC5C000938863 /* SceneDelegate.swift in Sources */ = {isa = PBXBuildFile; fileRef = 60967E562A1DC5C000938863 /* SceneDelegate.swift */; };
		60967E592A1DC5C000938863 /* MainViewController.swift in Sources */ = {isa = PBXBuildFile; fileRef = 60967E582A1DC5C000938863 /* MainViewController.swift */; };
		60967E5C2A1DC5C000938863 /* Main.storyboard in Resources */ = {isa = PBXBuildFile; fileRef = 60967E5A2A1DC5C000938863 /* Main.storyboard */; };
		60967E5E2A1DC5C200938863 /* Assets.xcassets in Resources */ = {isa = PBXBuildFile; fileRef = 60967E5D2A1DC5C200938863 /* Assets.xcassets */; };
		60967E612A1DC5C200938863 /* LaunchScreen.storyboard in Resources */ = {isa = PBXBuildFile; fileRef = 60967E5F2A1DC5C200938863 /* LaunchScreen.storyboard */; };
		60967E6A2A1DC63000938863 /* SnapKit in Frameworks */ = {isa = PBXBuildFile; productRef = 60967E692A1DC63000938863 /* SnapKit */; };
		60967E6C2A1DD69A00938863 /* NetworkManager.swift in Sources */ = {isa = PBXBuildFile; fileRef = 60967E6B2A1DD69A00938863 /* NetworkManager.swift */; };
		60967E6F2A1DD6AE00938863 /* Alamofire in Frameworks */ = {isa = PBXBuildFile; productRef = 60967E6E2A1DD6AE00938863 /* Alamofire */; };
		60967E722A1DE3E200938863 /* Model.swift in Sources */ = {isa = PBXBuildFile; fileRef = 60967E712A1DE3E200938863 /* Model.swift */; };
		60967E762A1E1B6800938863 /* MainViewModel.swift in Sources */ = {isa = PBXBuildFile; fileRef = 60967E752A1E1B6800938863 /* MainViewModel.swift */; };
		60967E782A1E277D00938863 /* CardTableViewCell.swift in Sources */ = {isa = PBXBuildFile; fileRef = 60967E772A1E277D00938863 /* CardTableViewCell.swift */; };
/* End PBXBuildFile section */

/* Begin PBXFileReference section */
		606045792A1F26C0005042FC /* DetailViewController.swift */ = {isa = PBXFileReference; lastKnownFileType = sourcecode.swift; path = DetailViewController.swift; sourceTree = "<group>"; };
		6060457D2A1F2DDD005042FC /* Components.swift */ = {isa = PBXFileReference; lastKnownFileType = sourcecode.swift; path = Components.swift; sourceTree = "<group>"; };
		60967E512A1DC5C000938863 /* tb.app */ = {isa = PBXFileReference; explicitFileType = wrapper.application; includeInIndex = 0; path = tb.app; sourceTree = BUILT_PRODUCTS_DIR; };
		60967E542A1DC5C000938863 /* AppDelegate.swift */ = {isa = PBXFileReference; lastKnownFileType = sourcecode.swift; path = AppDelegate.swift; sourceTree = "<group>"; };
		60967E562A1DC5C000938863 /* SceneDelegate.swift */ = {isa = PBXFileReference; lastKnownFileType = sourcecode.swift; path = SceneDelegate.swift; sourceTree = "<group>"; };
		60967E582A1DC5C000938863 /* MainViewController.swift */ = {isa = PBXFileReference; lastKnownFileType = sourcecode.swift; path = MainViewController.swift; sourceTree = "<group>"; };
		60967E5B2A1DC5C000938863 /* Base */ = {isa = PBXFileReference; lastKnownFileType = file.storyboard; name = Base; path = Base.lproj/Main.storyboard; sourceTree = "<group>"; };
		60967E5D2A1DC5C200938863 /* Assets.xcassets */ = {isa = PBXFileReference; lastKnownFileType = folder.assetcatalog; path = Assets.xcassets; sourceTree = "<group>"; };
		60967E602A1DC5C200938863 /* Base */ = {isa = PBXFileReference; lastKnownFileType = file.storyboard; name = Base; path = Base.lproj/LaunchScreen.storyboard; sourceTree = "<group>"; };
		60967E622A1DC5C200938863 /* Info.plist */ = {isa = PBXFileReference; lastKnownFileType = text.plist.xml; path = Info.plist; sourceTree = "<group>"; };
		60967E6B2A1DD69A00938863 /* NetworkManager.swift */ = {isa = PBXFileReference; lastKnownFileType = sourcecode.swift; path = NetworkManager.swift; sourceTree = "<group>"; };
		60967E712A1DE3E200938863 /* Model.swift */ = {isa = PBXFileReference; lastKnownFileType = sourcecode.swift; path = Model.swift; sourceTree = "<group>"; };
		60967E752A1E1B6800938863 /* MainViewModel.swift */ = {isa = PBXFileReference; lastKnownFileType = sourcecode.swift; path = MainViewModel.swift; sourceTree = "<group>"; };
		60967E772A1E277D00938863 /* CardTableViewCell.swift */ = {isa = PBXFileReference; lastKnownFileType = sourcecode.swift; path = CardTableViewCell.swift; sourceTree = "<group>"; };
/* End PBXFileReference section */

/* Begin PBXFrameworksBuildPhase section */
		60967E4E2A1DC5C000938863 /* Frameworks */ = {
			isa = PBXFrameworksBuildPhase;
			buildActionMask = 2147483647;
			files = (
				60967E6A2A1DC63000938863 /* SnapKit in Frameworks */,
				60967E6F2A1DD6AE00938863 /* Alamofire in Frameworks */,
			);
			runOnlyForDeploymentPostprocessing = 0;
		};
/* End PBXFrameworksBuildPhase section */

/* Begin PBXGroup section */
		60967E482A1DC5C000938863 = {
			isa = PBXGroup;
			children = (
				60967E532A1DC5C000938863 /* tb */,
				60967E522A1DC5C000938863 /* Products */,
			);
			sourceTree = "<group>";
		};
		60967E522A1DC5C000938863 /* Products */ = {
			isa = PBXGroup;
			children = (
				60967E512A1DC5C000938863 /* tb.app */,
			);
			name = Products;
			sourceTree = "<group>";
		};
		60967E532A1DC5C000938863 /* tb */ = {
			isa = PBXGroup;
			children = (
				60967E792A1F1D8D00938863 /* DetailModule */,
				60967E742A1E1B3200938863 /* Network */,
				60967E732A1E1B2100938863 /* MainModule */,
				60967E702A1DE3D000938863 /* App */,
				60967E622A1DC5C200938863 /* Info.plist */,
				6060457D2A1F2DDD005042FC /* Components.swift */,
			);
			path = tb;
			sourceTree = "<group>";
		};
		60967E702A1DE3D000938863 /* App */ = {
			isa = PBXGroup;
			children = (
				60967E562A1DC5C000938863 /* SceneDelegate.swift */,
				60967E542A1DC5C000938863 /* AppDelegate.swift */,
				60967E5A2A1DC5C000938863 /* Main.storyboard */,
				60967E5D2A1DC5C200938863 /* Assets.xcassets */,
				60967E5F2A1DC5C200938863 /* LaunchScreen.storyboard */,
			);
			path = App;
			sourceTree = "<group>";
		};
		60967E732A1E1B2100938863 /* MainModule */ = {
			isa = PBXGroup;
			children = (
				60967E712A1DE3E200938863 /* Model.swift */,
				60967E582A1DC5C000938863 /* MainViewController.swift */,
				60967E752A1E1B6800938863 /* MainViewModel.swift */,
				60967E772A1E277D00938863 /* CardTableViewCell.swift */,
			);
			path = MainModule;
			sourceTree = "<group>";
		};
		60967E742A1E1B3200938863 /* Network */ = {
			isa = PBXGroup;
			children = (
				60967E6B2A1DD69A00938863 /* NetworkManager.swift */,
			);
			path = Network;
			sourceTree = "<group>";
		};
		60967E792A1F1D8D00938863 /* DetailModule */ = {
			isa = PBXGroup;
			children = (
				606045792A1F26C0005042FC /* DetailViewController.swift */,
			);
			path = DetailModule;
			sourceTree = "<group>";
		};
/* End PBXGroup section */

/* Begin PBXNativeTarget section */
		60967E502A1DC5C000938863 /* tb */ = {
			isa = PBXNativeTarget;
			buildConfigurationList = 60967E652A1DC5C200938863 /* Build configuration list for PBXNativeTarget "tb" */;
			buildPhases = (
				60967E4D2A1DC5C000938863 /* Sources */,
				60967E4E2A1DC5C000938863 /* Frameworks */,
				60967E4F2A1DC5C000938863 /* Resources */,
			);
			buildRules = (
			);
			dependencies = (
			);
			name = tb;
			packageProductDependencies = (
				60967E692A1DC63000938863 /* SnapKit */,
				60967E6E2A1DD6AE00938863 /* Alamofire */,
			);
			productName = tb;
			productReference = 60967E512A1DC5C000938863 /* tb.app */;
			productType = "com.apple.product-type.application";
		};
/* End PBXNativeTarget section */

/* Begin PBXProject section */
		60967E492A1DC5C000938863 /* Project object */ = {
			isa = PBXProject;
			attributes = {
				BuildIndependentTargetsInParallel = 1;
				LastSwiftUpdateCheck = 1400;
				LastUpgradeCheck = 1400;
				TargetAttributes = {
					60967E502A1DC5C000938863 = {
						CreatedOnToolsVersion = 14.0.1;
					};
				};
			};
			buildConfigurationList = 60967E4C2A1DC5C000938863 /* Build configuration list for PBXProject "tb" */;
			compatibilityVersion = "Xcode 14.0";
			developmentRegion = en;
			hasScannedForEncodings = 0;
			knownRegions = (
				en,
				Base,
			);
			mainGroup = 60967E482A1DC5C000938863;
			packageReferences = (
				60967E682A1DC63000938863 /* XCRemoteSwiftPackageReference "SnapKit" */,
				60967E6D2A1DD6AE00938863 /* XCRemoteSwiftPackageReference "Alamofire" */,
			);
			productRefGroup = 60967E522A1DC5C000938863 /* Products */;
			projectDirPath = "";
			projectRoot = "";
			targets = (
				60967E502A1DC5C000938863 /* tb */,
			);
		};
/* End PBXProject section */

/* Begin PBXResourcesBuildPhase section */
		60967E4F2A1DC5C000938863 /* Resources */ = {
			isa = PBXResourcesBuildPhase;
			buildActionMask = 2147483647;
			files = (
				60967E612A1DC5C200938863 /* LaunchScreen.storyboard in Resources */,
				60967E5E2A1DC5C200938863 /* Assets.xcassets in Resources */,
				60967E5C2A1DC5C000938863 /* Main.storyboard in Resources */,
			);
			runOnlyForDeploymentPostprocessing = 0;
		};
/* End PBXResourcesBuildPhase section */

/* Begin PBXSourcesBuildPhase section */
		60967E4D2A1DC5C000938863 /* Sources */ = {
			isa = PBXSourcesBuildPhase;
			buildActionMask = 2147483647;
			files = (
				60967E722A1DE3E200938863 /* Model.swift in Sources */,
				60967E6C2A1DD69A00938863 /* NetworkManager.swift in Sources */,
				60967E592A1DC5C000938863 /* MainViewController.swift in Sources */,
				60967E552A1DC5C000938863 /* AppDelegate.swift in Sources */,
				60967E572A1DC5C000938863 /* SceneDelegate.swift in Sources */,
				60967E762A1E1B6800938863 /* MainViewModel.swift in Sources */,
				6060457E2A1F2DDD005042FC /* Components.swift in Sources */,
				60967E782A1E277D00938863 /* CardTableViewCell.swift in Sources */,
				6060457A2A1F26C0005042FC /* DetailViewController.swift in Sources */,
			);
			runOnlyForDeploymentPostprocessing = 0;
		};
/* End PBXSourcesBuildPhase section */

/* Begin PBXVariantGroup section */
		60967E5A2A1DC5C000938863 /* Main.storyboard */ = {
			isa = PBXVariantGroup;
			children = (
				60967E5B2A1DC5C000938863 /* Base */,
			);
			name = Main.storyboard;
			sourceTree = "<group>";
		};
		60967E5F2A1DC5C200938863 /* LaunchScreen.storyboard */ = {
			isa = PBXVariantGroup;
			children = (
				60967E602A1DC5C200938863 /* Base */,
			);
			name = LaunchScreen.storyboard;
			sourceTree = "<group>";
		};
/* End PBXVariantGroup section */

/* Begin XCBuildConfiguration section */
		60967E632A1DC5C200938863 /* Debug */ = {
			isa = XCBuildConfiguration;
			buildSettings = {
				ALWAYS_SEARCH_USER_PATHS = NO;
				CLANG_ANALYZER_NONNULL = YES;
				CLANG_ANALYZER_NUMBER_OBJECT_CONVERSION = YES_AGGRESSIVE;
				CLANG_CXX_LANGUAGE_STANDARD = "gnu++20";
				CLANG_ENABLE_MODULES = YES;
				CLANG_ENABLE_OBJC_ARC = YES;
				CLANG_ENABLE_OBJC_WEAK = YES;
				CLANG_WARN_BLOCK_CAPTURE_AUTORELEASING = YES;
				CLANG_WARN_BOOL_CONVERSION = YES;
				CLANG_WARN_COMMA = YES;
				CLANG_WARN_CONSTANT_CONVERSION = YES;
				CLANG_WARN_DEPRECATED_OBJC_IMPLEMENTATIONS = YES;
				CLANG_WARN_DIRECT_OBJC_ISA_USAGE = YES_ERROR;
				CLANG_WARN_DOCUMENTATION_COMMENTS = YES;
				CLANG_WARN_EMPTY_BODY = YES;
				CLANG_WARN_ENUM_CONVERSION = YES;
				CLANG_WARN_INFINITE_RECURSION = YES;
				CLANG_WARN_INT_CONVERSION = YES;
				CLANG_WARN_NON_LITERAL_NULL_CONVERSION = YES;
				CLANG_WARN_OBJC_IMPLICIT_RETAIN_SELF = YES;
				CLANG_WARN_OBJC_LITERAL_CONVERSION = YES;
				CLANG_WARN_OBJC_ROOT_CLASS = YES_ERROR;
				CLANG_WARN_QUOTED_INCLUDE_IN_FRAMEWORK_HEADER = YES;
				CLANG_WARN_RANGE_LOOP_ANALYSIS = YES;
				CLANG_WARN_STRICT_PROTOTYPES = YES;
				CLANG_WARN_SUSPICIOUS_MOVE = YES;
				CLANG_WARN_UNGUARDED_AVAILABILITY = YES_AGGRESSIVE;
				CLANG_WARN_UNREACHABLE_CODE = YES;
				CLANG_WARN__DUPLICATE_METHOD_MATCH = YES;
				COPY_PHASE_STRIP = NO;
				DEBUG_INFORMATION_FORMAT = dwarf;
				ENABLE_STRICT_OBJC_MSGSEND = YES;
				ENABLE_TESTABILITY = YES;
				GCC_C_LANGUAGE_STANDARD = gnu11;
				GCC_DYNAMIC_NO_PIC = NO;
				GCC_NO_COMMON_BLOCKS = YES;
				GCC_OPTIMIZATION_LEVEL = 0;
				GCC_PREPROCESSOR_DEFINITIONS = (
					"DEBUG=1",
					"$(inherited)",
				);
				GCC_WARN_64_TO_32_BIT_CONVERSION = YES;
				GCC_WARN_ABOUT_RETURN_TYPE = YES_ERROR;
				GCC_WARN_UNDECLARED_SELECTOR = YES;
				GCC_WARN_UNINITIALIZED_AUTOS = YES_AGGRESSIVE;
				GCC_WARN_UNUSED_FUNCTION = YES;
				GCC_WARN_UNUSED_VARIABLE = YES;
				IPHONEOS_DEPLOYMENT_TARGET = 16.0;
				MTL_ENABLE_DEBUG_INFO = INCLUDE_SOURCE;
				MTL_FAST_MATH = YES;
				ONLY_ACTIVE_ARCH = YES;
				SDKROOT = iphoneos;
				SWIFT_ACTIVE_COMPILATION_CONDITIONS = DEBUG;
				SWIFT_OPTIMIZATION_LEVEL = "-Onone";
			};
			name = Debug;
		};
		60967E642A1DC5C200938863 /* Release */ = {
			isa = XCBuildConfiguration;
			buildSettings = {
				ALWAYS_SEARCH_USER_PATHS = NO;
				CLANG_ANALYZER_NONNULL = YES;
				CLANG_ANALYZER_NUMBER_OBJECT_CONVERSION = YES_AGGRESSIVE;
				CLANG_CXX_LANGUAGE_STANDARD = "gnu++20";
				CLANG_ENABLE_MODULES = YES;
				CLANG_ENABLE_OBJC_ARC = YES;
				CLANG_ENABLE_OBJC_WEAK = YES;
				CLANG_WARN_BLOCK_CAPTURE_AUTORELEASING = YES;
				CLANG_WARN_BOOL_CONVERSION = YES;
				CLANG_WARN_COMMA = YES;
				CLANG_WARN_CONSTANT_CONVERSION = YES;
				CLANG_WARN_DEPRECATED_OBJC_IMPLEMENTATIONS = YES;
				CLANG_WARN_DIRECT_OBJC_ISA_USAGE = YES_ERROR;
				CLANG_WARN_DOCUMENTATION_COMMENTS = YES;
				CLANG_WARN_EMPTY_BODY = YES;
				CLANG_WARN_ENUM_CONVERSION = YES;
				CLANG_WARN_INFINITE_RECURSION = YES;
				CLANG_WARN_INT_CONVERSION = YES;
				CLANG_WARN_NON_LITERAL_NULL_CONVERSION = YES;
				CLANG_WARN_OBJC_IMPLICIT_RETAIN_SELF = YES;
				CLANG_WARN_OBJC_LITERAL_CONVERSION = YES;
				CLANG_WARN_OBJC_ROOT_CLASS = YES_ERROR;
				CLANG_WARN_QUOTED_INCLUDE_IN_FRAMEWORK_HEADER = YES;
				CLANG_WARN_RANGE_LOOP_ANALYSIS = YES;
				CLANG_WARN_STRICT_PROTOTYPES = YES;
				CLANG_WARN_SUSPICIOUS_MOVE = YES;
				CLANG_WARN_UNGUARDED_AVAILABILITY = YES_AGGRESSIVE;
				CLANG_WARN_UNREACHABLE_CODE = YES;
				CLANG_WARN__DUPLICATE_METHOD_MATCH = YES;
				COPY_PHASE_STRIP = NO;
				DEBUG_INFORMATION_FORMAT = "dwarf-with-dsym";
				ENABLE_NS_ASSERTIONS = NO;
				ENABLE_STRICT_OBJC_MSGSEND = YES;
				GCC_C_LANGUAGE_STANDARD = gnu11;
				GCC_NO_COMMON_BLOCKS = YES;
				GCC_WARN_64_TO_32_BIT_CONVERSION = YES;
				GCC_WARN_ABOUT_RETURN_TYPE = YES_ERROR;
				GCC_WARN_UNDECLARED_SELECTOR = YES;
				GCC_WARN_UNINITIALIZED_AUTOS = YES_AGGRESSIVE;
				GCC_WARN_UNUSED_FUNCTION = YES;
				GCC_WARN_UNUSED_VARIABLE = YES;
				IPHONEOS_DEPLOYMENT_TARGET = 16.0;
				MTL_ENABLE_DEBUG_INFO = NO;
				MTL_FAST_MATH = YES;
				SDKROOT = iphoneos;
				SWIFT_COMPILATION_MODE = wholemodule;
				SWIFT_OPTIMIZATION_LEVEL = "-O";
				VALIDATE_PRODUCT = YES;
			};
			name = Release;
		};
		60967E662A1DC5C200938863 /* Debug */ = {
			isa = XCBuildConfiguration;
			buildSettings = {
				ASSETCATALOG_COMPILER_APPICON_NAME = AppIcon;
				ASSETCATALOG_COMPILER_GLOBAL_ACCENT_COLOR_NAME = AccentColor;
				CODE_SIGN_STYLE = Automatic;
				CURRENT_PROJECT_VERSION = 1;
				DEVELOPMENT_TEAM = 6YX8RWQNTP;
				GENERATE_INFOPLIST_FILE = YES;
				INFOPLIST_FILE = tb/Info.plist;
				INFOPLIST_KEY_UIApplicationSupportsIndirectInputEvents = YES;
				INFOPLIST_KEY_UILaunchStoryboardName = LaunchScreen;
				INFOPLIST_KEY_UISupportedInterfaceOrientations_iPad = "UIInterfaceOrientationPortrait UIInterfaceOrientationPortraitUpsideDown UIInterfaceOrientationLandscapeLeft UIInterfaceOrientationLandscapeRight";
				INFOPLIST_KEY_UISupportedInterfaceOrientations_iPhone = "UIInterfaceOrientationPortrait UIInterfaceOrientationLandscapeLeft UIInterfaceOrientationLandscapeRight";
				LD_RUNPATH_SEARCH_PATHS = (
					"$(inherited)",
					"@executable_path/Frameworks",
				);
				MARKETING_VERSION = 1.0;
				PRODUCT_BUNDLE_IDENTIFIER = adlet.zhan.tb;
				PRODUCT_NAME = "$(TARGET_NAME)";
				SWIFT_EMIT_LOC_STRINGS = YES;
				SWIFT_VERSION = 5.0;
				TARGETED_DEVICE_FAMILY = "1,2";
			};
			name = Debug;
		};
		60967E672A1DC5C200938863 /* Release */ = {
			isa = XCBuildConfiguration;
			buildSettings = {
				ASSETCATALOG_COMPILER_APPICON_NAME = AppIcon;
				ASSETCATALOG_COMPILER_GLOBAL_ACCENT_COLOR_NAME = AccentColor;
				CODE_SIGN_STYLE = Automatic;
				CURRENT_PROJECT_VERSION = 1;
				DEVELOPMENT_TEAM = 6YX8RWQNTP;
				GENERATE_INFOPLIST_FILE = YES;
				INFOPLIST_FILE = tb/Info.plist;
				INFOPLIST_KEY_UIApplicationSupportsIndirectInputEvents = YES;
				INFOPLIST_KEY_UILaunchStoryboardName = LaunchScreen;
				INFOPLIST_KEY_UISupportedInterfaceOrientations_iPad = "UIInterfaceOrientationPortrait UIInterfaceOrientationPortraitUpsideDown UIInterfaceOrientationLandscapeLeft UIInterfaceOrientationLandscapeRight";
				INFOPLIST_KEY_UISupportedInterfaceOrientations_iPhone = "UIInterfaceOrientationPortrait UIInterfaceOrientationLandscapeLeft UIInterfaceOrientationLandscapeRight";
				LD_RUNPATH_SEARCH_PATHS = (
					"$(inherited)",
					"@executable_path/Frameworks",
				);
				MARKETING_VERSION = 1.0;
				PRODUCT_BUNDLE_IDENTIFIER = adlet.zhan.tb;
				PRODUCT_NAME = "$(TARGET_NAME)";
				SWIFT_EMIT_LOC_STRINGS = YES;
				SWIFT_VERSION = 5.0;
				TARGETED_DEVICE_FAMILY = "1,2";
			};
			name = Release;
		};
/* End XCBuildConfiguration section */

/* Begin XCConfigurationList section */
		60967E4C2A1DC5C000938863 /* Build configuration list for PBXProject "tb" */ = {
			isa = XCConfigurationList;
			buildConfigurations = (
				60967E632A1DC5C200938863 /* Debug */,
				60967E642A1DC5C200938863 /* Release */,
			);
			defaultConfigurationIsVisible = 0;
			defaultConfigurationName = Release;
		};
		60967E652A1DC5C200938863 /* Build configuration list for PBXNativeTarget "tb" */ = {
			isa = XCConfigurationList;
			buildConfigurations = (
				60967E662A1DC5C200938863 /* Debug */,
				60967E672A1DC5C200938863 /* Release */,
			);
			defaultConfigurationIsVisible = 0;
			defaultConfigurationName = Release;
		};
/* End XCConfigurationList section */

/* Begin XCRemoteSwiftPackageReference section */
		60967E682A1DC63000938863 /* XCRemoteSwiftPackageReference "SnapKit" */ = {
			isa = XCRemoteSwiftPackageReference;
			repositoryURL = "https://github.com/SnapKit/SnapKit.git";
			requirement = {
				branch = develop;
				kind = branch;
			};
		};
		60967E6D2A1DD6AE00938863 /* XCRemoteSwiftPackageReference "Alamofire" */ = {
			isa = XCRemoteSwiftPackageReference;
			repositoryURL = "https://github.com/Alamofire/Alamofire";
			requirement = {
				branch = master;
				kind = branch;
			};
		};
/* End XCRemoteSwiftPackageReference section */

/* Begin XCSwiftPackageProductDependency section */
		60967E692A1DC63000938863 /* SnapKit */ = {
			isa = XCSwiftPackageProductDependency;
			package = 60967E682A1DC63000938863 /* XCRemoteSwiftPackageReference "SnapKit" */;
			productName = SnapKit;
		};
		60967E6E2A1DD6AE00938863 /* Alamofire */ = {
			isa = XCSwiftPackageProductDependency;
			package = 60967E6D2A1DD6AE00938863 /* XCRemoteSwiftPackageReference "Alamofire" */;
			productName = Alamofire;
		};
/* End XCSwiftPackageProductDependency section */
	};
	rootObject = 60967E492A1DC5C000938863 /* Project object */;
}
